
Microsoft Visual Studio Solution File, Format Version 12.00
# Visual Studio 2012
VisualStudioVersion = 12.0.31101.0
MinimumVisualStudioVersion = 10.0.40219.1
Project("{FAE04EC0-301F-11D3-BF4B-00C04F79EFBC}") = "Machine", "Machine\Machine.csproj", "{7BB06C03-3771-4FFE-BB95-B86BF409F6B6}"
EndProject
Project("{FAE04EC0-301F-11D3-BF4B-00C04F79EFBC}") = "Interface", "Interface\Interface.csproj", "{DE113006-89E8-4547-B195-735EC9CCE6F2}"
EndProject
Global
	GlobalSection(SolutionConfigurationPlatforms) = preSolution
		Debug|Any CPU = Debug|Any CPU
		Release|Any CPU = Release|Any CPU
	EndGlobalSection
	GlobalSection(ProjectConfigurationPlatforms) = postSolution
		{7BB06C03-3771-4FFE-BB95-B86BF409F6B6}.Debug|Any CPU.ActiveCfg = Debug|Any CPU
		{7BB06C03-3771-4FFE-BB95-B86BF409F6B6}.Debug|Any CPU.Build.0 = Debug|Any CPU
		{7BB06C03-3771-4FFE-BB95-B86BF409F6B6}.Release|Any CPU.ActiveCfg = Release|Any CPU
		{7BB06C03-3771-4FFE-BB95-B86BF409F6B6}.Release|Any CPU.Build.0 = Release|Any CPU
		{DE113006-89E8-4547-B195-735EC9CCE6F2}.Debug|Any CPU.ActiveCfg = Debug|Any CPU
		{DE113006-89E8-4547-B195-735EC9CCE6F2}.Debug|Any CPU.Build.0 = Debug|Any CPU
		{DE113006-89E8-4547-B195-735EC9CCE6F2}.Release|Any CPU.ActiveCfg = Release|Any CPU
		{DE113006-89E8-4547-B195-735EC9CCE6F2}.Release|Any CPU.Build.0 = Release|Any CPU
	EndGlobalSection
	GlobalSection(SolutionProperties) = preSolution
		HideSolutionNode = FALSE
	EndGlobalSection
EndGlobal
