
Microsoft Visual Studio Solution File, Format Version 12.00
# Visual Studio Version 17
VisualStudioVersion = 17.7.34202.233
MinimumVisualStudioVersion = 10.0.40219.1
Project("{9A19103F-16F7-4668-BE54-9A1E7A4F7556}") = "Interface", "Interface\Interface.csproj", "{53315B78-9590-4D67-894C-ABD59B984215}"
EndProject
Project("{9A19103F-16F7-4668-BE54-9A1E7A4F7556}") = "Simulator", "Simulator\Simulator.csproj", "{D147DC25-DCAB-4D33-9B57-A5B2C89730EA}"
EndProject
Global
	GlobalSection(SolutionConfigurationPlatforms) = preSolution
		Debug|Any CPU = Debug|Any CPU
		Release|Any CPU = Release|Any CPU
	EndGlobalSection
	GlobalSection(ProjectConfigurationPlatforms) = postSolution
		{53315B78-9590-4D67-894C-ABD59B984215}.Debug|Any CPU.ActiveCfg = Debug|Any CPU
		{53315B78-9590-4D67-894C-ABD59B984215}.Debug|Any CPU.Build.0 = Debug|Any CPU
		{53315B78-9590-4D67-894C-ABD59B984215}.Release|Any CPU.ActiveCfg = Release|Any CPU
		{53315B78-9590-4D67-894C-ABD59B984215}.Release|Any CPU.Build.0 = Release|Any CPU
		{D147DC25-DCAB-4D33-9B57-A5B2C89730EA}.Debug|Any CPU.ActiveCfg = Debug|Any CPU
		{D147DC25-DCAB-4D33-9B57-A5B2C89730EA}.Debug|Any CPU.Build.0 = Debug|Any CPU
		{D147DC25-DCAB-4D33-9B57-A5B2C89730EA}.Release|Any CPU.ActiveCfg = Release|Any CPU
		{D147DC25-DCAB-4D33-9B57-A5B2C89730EA}.Release|Any CPU.Build.0 = Release|Any CPU
	EndGlobalSection
	GlobalSection(SolutionProperties) = preSolution
		HideSolutionNode = FALSE
	EndGlobalSection
	GlobalSection(ExtensibilityGlobals) = postSolution
		SolutionGuid = {B00761EA-6485-4E22-BC86-0AEC2E490DAA}
	EndGlobalSection
EndGlobal
